
Microsoft Visual Studio Solution File, Format Version 12.00
# Visual Studio Version 17
VisualStudioVersion = 17.4.33213.308
MinimumVisualStudioVersion = 10.0.40219.1
Project("{FAE04EC0-301F-11D3-BF4B-00C04F79EFBC}") = "Es classi e oggetti", "Es classi e oggetti\Es classi e oggetti.csproj", "{46D71DC9-D054-42A3-B829-337AC81B08D6}"
EndProject
Global
	GlobalSection(SolutionConfigurationPlatforms) = preSolution
		Debug|Any CPU = Debug|Any CPU
		Release|Any CPU = Release|Any CPU
	EndGlobalSection
	GlobalSection(ProjectConfigurationPlatforms) = postSolution
		{46D71DC9-D054-42A3-B829-337AC81B08D6}.Debug|Any CPU.ActiveCfg = Debug|Any CPU
		{46D71DC9-D054-42A3-B829-337AC81B08D6}.Debug|Any CPU.Build.0 = Debug|Any CPU
		{46D71DC9-D054-42A3-B829-337AC81B08D6}.Release|Any CPU.ActiveCfg = Release|Any CPU
		{46D71DC9-D054-42A3-B829-337AC81B08D6}.Release|Any CPU.Build.0 = Release|Any CPU
	EndGlobalSection
	GlobalSection(SolutionProperties) = preSolution
		HideSolutionNode = FALSE
	EndGlobalSection
	GlobalSection(ExtensibilityGlobals) = postSolution
		SolutionGuid = {66BDC83C-DF0A-402A-A6F4-291E1C20A60B}
	EndGlobalSection
EndGlobal
